
Microsoft Visual Studio Solution File, Format Version 12.00
# Visual Studio Version 17
VisualStudioVersion = 17.1.32228.430
MinimumVisualStudioVersion = 10.0.40219.1
Project("{9A19103F-16F7-4668-BE54-9A1E7A4F7556}") = "EntityLayer", "EntityLayer\EntityLayer.csproj", "{9D4185BB-4E3E-4C8E-8C7A-FCA5E00C6FE7}"
EndProject
Project("{9A19103F-16F7-4668-BE54-9A1E7A4F7556}") = "DataAccessLayer", "DataAccessLayer\DataAccessLayer.csproj", "{B4021C84-77D5-4356-8FC5-EA2DBD1BF6D4}"
EndProject
Project("{9A19103F-16F7-4668-BE54-9A1E7A4F7556}") = "BusinessLayer", "BusinessLayer\BusinessLayer.csproj", "{C2E928D9-F43F-4562-9CE3-12DA6AE85FCE}"
EndProject
Project("{9A19103F-16F7-4668-BE54-9A1E7A4F7556}") = "CORE_HBKSOFTWARE", "..\..\..\..\Downloads\CORE_HBKSOFTWARE\CORE_HBKSOFTWARE.csproj", "{E6744F23-82C0-4898-A28D-1BEA6330C9AB}"
EndProject
Project("{9A19103F-16F7-4668-BE54-9A1E7A4F7556}") = "ApiProject", "ApiProject\ApiProject.csproj", "{2F52153C-95C9-4128-9E85-8EDAE023ED1E}"
EndProject
Global
	GlobalSection(SolutionConfigurationPlatforms) = preSolution
		Debug|Any CPU = Debug|Any CPU
		Release|Any CPU = Release|Any CPU
	EndGlobalSection
	GlobalSection(ProjectConfigurationPlatforms) = postSolution
		{9D4185BB-4E3E-4C8E-8C7A-FCA5E00C6FE7}.Debug|Any CPU.ActiveCfg = Debug|Any CPU
		{9D4185BB-4E3E-4C8E-8C7A-FCA5E00C6FE7}.Debug|Any CPU.Build.0 = Debug|Any CPU
		{9D4185BB-4E3E-4C8E-8C7A-FCA5E00C6FE7}.Release|Any CPU.ActiveCfg = Release|Any CPU
		{9D4185BB-4E3E-4C8E-8C7A-FCA5E00C6FE7}.Release|Any CPU.Build.0 = Release|Any CPU
		{B4021C84-77D5-4356-8FC5-EA2DBD1BF6D4}.Debug|Any CPU.ActiveCfg = Debug|Any CPU
		{B4021C84-77D5-4356-8FC5-EA2DBD1BF6D4}.Debug|Any CPU.Build.0 = Debug|Any CPU
		{B4021C84-77D5-4356-8FC5-EA2DBD1BF6D4}.Release|Any CPU.ActiveCfg = Release|Any CPU
		{B4021C84-77D5-4356-8FC5-EA2DBD1BF6D4}.Release|Any CPU.Build.0 = Release|Any CPU
		{C2E928D9-F43F-4562-9CE3-12DA6AE85FCE}.Debug|Any CPU.ActiveCfg = Debug|Any CPU
		{C2E928D9-F43F-4562-9CE3-12DA6AE85FCE}.Debug|Any CPU.Build.0 = Debug|Any CPU
		{C2E928D9-F43F-4562-9CE3-12DA6AE85FCE}.Release|Any CPU.ActiveCfg = Release|Any CPU
		{C2E928D9-F43F-4562-9CE3-12DA6AE85FCE}.Release|Any CPU.Build.0 = Release|Any CPU
		{E6744F23-82C0-4898-A28D-1BEA6330C9AB}.Debug|Any CPU.ActiveCfg = Debug|Any CPU
		{E6744F23-82C0-4898-A28D-1BEA6330C9AB}.Debug|Any CPU.Build.0 = Debug|Any CPU
		{E6744F23-82C0-4898-A28D-1BEA6330C9AB}.Release|Any CPU.ActiveCfg = Release|Any CPU
		{E6744F23-82C0-4898-A28D-1BEA6330C9AB}.Release|Any CPU.Build.0 = Release|Any CPU
		{2F52153C-95C9-4128-9E85-8EDAE023ED1E}.Debug|Any CPU.ActiveCfg = Debug|Any CPU
		{2F52153C-95C9-4128-9E85-8EDAE023ED1E}.Debug|Any CPU.Build.0 = Debug|Any CPU
		{2F52153C-95C9-4128-9E85-8EDAE023ED1E}.Release|Any CPU.ActiveCfg = Release|Any CPU
		{2F52153C-95C9-4128-9E85-8EDAE023ED1E}.Release|Any CPU.Build.0 = Release|Any CPU
	EndGlobalSection
	GlobalSection(SolutionProperties) = preSolution
		HideSolutionNode = FALSE
	EndGlobalSection
	GlobalSection(ExtensibilityGlobals) = postSolution
		SolutionGuid = {AA80815B-F4E2-4B84-B49B-85008A9DB2F2}
	EndGlobalSection
EndGlobal
